
Microsoft Visual Studio Solution File, Format Version 12.00
# Visual Studio Version 16
VisualStudioVersion = 16.0.31829.152
MinimumVisualStudioVersion = 10.0.40219.1
Project("{2150E333-8FDC-42A3-9474-1A3956D46DE8}") = "src", "src", "{EEB0BF9B-00F2-47D6-8727-1022B249D873}"
EndProject
Project("{2150E333-8FDC-42A3-9474-1A3956D46DE8}") = "Server", "Server", "{FF95A9D0-F408-4D33-B534-6A1D74788488}"
EndProject
Project("{9A19103F-16F7-4668-BE54-9A1E7A4F7556}") = "Elsa.Server", "src\Server\Elsa.Server\Elsa.Server.csproj", "{63763A15-B97E-4DDF-9929-8C79ACE94EA3}"
EndProject
Project("{2150E333-8FDC-42A3-9474-1A3956D46DE8}") = "Api", "Api", "{17714B01-B679-4EEC-B7E2-94C452BDA6DF}"
EndProject
Project("{2150E333-8FDC-42A3-9474-1A3956D46DE8}") = "NewProjectApprovalAPI", "NewProjectApprovalAPI", "{23898870-BF87-4779-AC5D-779357EF28DA}"
EndProject
Project("{9A19103F-16F7-4668-BE54-9A1E7A4F7556}") = "NewProjectApproval.Entities", "src\Api\NewProjectApprovalAPI\NewProjectApproval.Entities\NewProjectApproval.Entities.csproj", "{8B25D924-1266-4C2A-8594-60FEFC610BBE}"
EndProject
Project("{9A19103F-16F7-4668-BE54-9A1E7A4F7556}") = "NewProjectApproval.IRepositories", "src\Api\NewProjectApprovalAPI\NewProjectApproval.IRepositories\NewProjectApproval.IRepositories.csproj", "{49E2EE7A-42A7-4CC4-ADD1-B2771BA8AA8E}"
EndProject
Project("{9A19103F-16F7-4668-BE54-9A1E7A4F7556}") = "NewProjectApproval.Repositories", "src\Api\NewProjectApprovalAPI\NewProjectApproval.Repositories\NewProjectApproval.Repositories.csproj", "{BB6A4F78-CF91-4B19-B497-6DCEA9A9B240}"
EndProject
Project("{9A19103F-16F7-4668-BE54-9A1E7A4F7556}") = "NewProjectApprovalAPI", "src\Api\NewProjectApprovalAPI\NewProjectApprovalAPI\NewProjectApprovalAPI.csproj", "{6EC701E0-0203-48AB-A699-0598DD1377D7}"
EndProject
Project("{2150E333-8FDC-42A3-9474-1A3956D46DE8}") = "CustomerAccount", "CustomerAccount", "{0B3E38E0-BB7B-48DD-9501-96603FFEC9EE}"
EndProject
Project("{2150E333-8FDC-42A3-9474-1A3956D46DE8}") = "HireEmployee", "HireEmployee", "{ABD3C97F-CDD8-4729-805D-3A3322EC9C76}"
EndProject
Project("{2150E333-8FDC-42A3-9474-1A3956D46DE8}") = "TicketProcessing", "TicketProcessing", "{A1EC55AE-B664-4F23-A8D2-C440F193D4FB}"
EndProject
Project("{2150E333-8FDC-42A3-9474-1A3956D46DE8}") = "OrderFilling", "OrderFilling", "{0AA537E9-90E9-45A9-81B4-C816F0F64577}"
EndProject
Project("{2150E333-8FDC-42A3-9474-1A3956D46DE8}") = "InvoiceCustomer", "InvoiceCustomer", "{1650C8BE-ABE7-46F7-B24E-B0DC40595D94}"
EndProject
Project("{9A19103F-16F7-4668-BE54-9A1E7A4F7556}") = "CustomerAccountAPI", "src\Api\CustomerAccount\CustomerAccountAPI\CustomerAccountAPI.csproj", "{B91F1745-50A9-4ED2-B387-50BF2D6249F0}"
EndProject
Project("{9A19103F-16F7-4668-BE54-9A1E7A4F7556}") = "Entities", "src\Api\CustomerAccount\Entities\Entities.csproj", "{434F2D62-3D69-40BD-9782-EB2858A7A0F5}"
EndProject
Project("{9A19103F-16F7-4668-BE54-9A1E7A4F7556}") = "IRepository", "src\Api\CustomerAccount\IRepository\IRepository.csproj", "{E0623442-49A2-441D-8E7B-A35880CFA82F}"
EndProject
Project("{9A19103F-16F7-4668-BE54-9A1E7A4F7556}") = "Repository", "src\Api\CustomerAccount\Repository\Repository.csproj", "{C4A41C10-22E0-4E99-9755-42C732938005}"
EndProject
Project("{9A19103F-16F7-4668-BE54-9A1E7A4F7556}") = "HireEmployee", "src\Api\HireEmployee\HireEmployee\HireEmployee.csproj", "{DAA07178-EE26-4979-9978-8FD34F51F3DD}"
EndProject
Project("{9A19103F-16F7-4668-BE54-9A1E7A4F7556}") = "HireEmployee.Entities", "src\Api\HireEmployee\HireEmployee.Entities\HireEmployee.Entities.csproj", "{3BCE20FF-C962-41EE-BEF4-D9B44F218065}"
EndProject
Project("{9A19103F-16F7-4668-BE54-9A1E7A4F7556}") = "HireEmployee.IRepositories", "src\Api\HireEmployee\HireEmployee.IRepositories\HireEmployee.IRepositories.csproj", "{5FA4BCA9-7597-44C7-9450-6E1A561AA1D6}"
EndProject
Project("{9A19103F-16F7-4668-BE54-9A1E7A4F7556}") = "HireEmployee.Repositories", "src\Api\HireEmployee\HireEmployee.Repositories\HireEmployee.Repositories.csproj", "{0A27FEA0-961F-4068-9343-910F8A7DD445}"
EndProject
Project("{9A19103F-16F7-4668-BE54-9A1E7A4F7556}") = "InvoiceCustomerApi", "src\Api\InvoiceCustomer\InvoiceCustomerApi\InvoiceCustomerApi.csproj", "{048F09E8-8F8D-489F-8C0B-FF9C2C12BEA4}"
EndProject
Project("{9A19103F-16F7-4668-BE54-9A1E7A4F7556}") = "InvoiceCustomerApi.Entities", "src\Api\InvoiceCustomer\InvoiceCustomerApi.Entities\InvoiceCustomerApi.Entities.csproj", "{5C09D750-E6B5-46D8-9941-B68DE3E8118E}"
EndProject
Project("{9A19103F-16F7-4668-BE54-9A1E7A4F7556}") = "InvoiceCustomerApi.IRepositories", "src\Api\InvoiceCustomer\InvoiceCustomerApi.IRepositories\InvoiceCustomerApi.IRepositories.csproj", "{59440349-7FF1-4AD7-9B59-A6F5F26C6FB7}"
EndProject
Project("{9A19103F-16F7-4668-BE54-9A1E7A4F7556}") = "InvoiceCustomerApi.Repositories", "src\Api\InvoiceCustomer\InvoiceCustomerApi.Repositories\InvoiceCustomerApi.Repositories.csproj", "{748DBB73-CA81-4504-878D-74ED60BDB5A2}"
EndProject
Project("{9A19103F-16F7-4668-BE54-9A1E7A4F7556}") = "OrderFilling.Entities", "src\Api\OrderFilling\OrderFilling.Entities\OrderFilling.Entities.csproj", "{E02AE5BE-8C56-4C1A-B883-7B4D1A456615}"
EndProject
Project("{9A19103F-16F7-4668-BE54-9A1E7A4F7556}") = "OrderFilling.IRepository", "src\Api\OrderFilling\OrderFilling.IRepository\OrderFilling.IRepository.csproj", "{FEAA06DB-396B-4AB1-9791-9AA2345F563A}"
EndProject
Project("{9A19103F-16F7-4668-BE54-9A1E7A4F7556}") = "OrderFilling.Repository", "src\Api\OrderFilling\OrderFilling.Repository\OrderFilling.Repository.csproj", "{FD7679C2-8B3B-4475-9D27-4B9997B72811}"
EndProject
Project("{9A19103F-16F7-4668-BE54-9A1E7A4F7556}") = "OrderFillingApi", "src\Api\OrderFilling\OrderFillingApi\OrderFillingApi.csproj", "{0CA3C39D-1832-45E5-A866-7AF356AF37A9}"
EndProject
Project("{9A19103F-16F7-4668-BE54-9A1E7A4F7556}") = "TicketProcessingRestApi", "src\Api\TicketProcessing\TicketProcessingRestApi\TicketProcessingRestApi.csproj", "{D207165B-E25A-41F4-8F3B-AF7E9E414A56}"
EndProject
Project("{9A19103F-16F7-4668-BE54-9A1E7A4F7556}") = "TicketProcessingRestApi.Entities", "src\Api\TicketProcessing\TicketProcessingRestApi.Entities\TicketProcessingRestApi.Entities.csproj", "{29628EC9-F2C2-485F-A16E-4D18C9FA9CD8}"
EndProject
Project("{9A19103F-16F7-4668-BE54-9A1E7A4F7556}") = "TicketProcessingRestApi.IRepository", "src\Api\TicketProcessing\TicketProcessingRestApi.IRepository\TicketProcessingRestApi.IRepository.csproj", "{5A84C134-AA0C-4740-BF8E-CAF92578239A}"
EndProject
Project("{9A19103F-16F7-4668-BE54-9A1E7A4F7556}") = "TicketProcessingRestApi.Repository", "src\Api\TicketProcessing\TicketProcessingRestApi.Repository\TicketProcessingRestApi.Repository.csproj", "{3E6D142A-391F-46EF-9F47-6021152A31C1}"
EndProject
Project("{2150E333-8FDC-42A3-9474-1A3956D46DE8}") = "ExpenseClaim.Api", "ExpenseClaim.Api", "{0F60493A-9EC0-47C1-A35D-40C002C71FDD}"
EndProject
Project("{9A19103F-16F7-4668-BE54-9A1E7A4F7556}") = "ExpenseClaim.Api", "src\Api\ExpenseClaim.Api\ExpenseClaim.Api\ExpenseClaim.Api.csproj", "{C801FEBD-5C72-4DA2-9338-8E829C7F0CD0}"
EndProject
Project("{9A19103F-16F7-4668-BE54-9A1E7A4F7556}") = "ExpenseClaim.Entities", "src\Api\ExpenseClaim.Api\ExpenseClaim.Entities\ExpenseClaim.Entities.csproj", "{02FDF467-D6FB-436E-9421-4F4A2D891562}"
EndProject
Project("{9A19103F-16F7-4668-BE54-9A1E7A4F7556}") = "ExpenseClaim.IRepositories", "src\Api\ExpenseClaim.Api\ExpenseClaim.IRepositories\ExpenseClaim.IRepositories.csproj", "{56EE9653-EC64-4D83-9FEB-BF7747E9513B}"
EndProject
Project("{9A19103F-16F7-4668-BE54-9A1E7A4F7556}") = "ExpenseClaim.Repositories", "src\Api\ExpenseClaim.Api\ExpenseClaim.Repositories\ExpenseClaim.Repositories.csproj", "{1B877E05-A1F3-465D-9215-6733B2C73400}"
EndProject
Global
	GlobalSection(SolutionConfigurationPlatforms) = preSolution
		Debug|Any CPU = Debug|Any CPU
		Release|Any CPU = Release|Any CPU
	EndGlobalSection
	GlobalSection(ProjectConfigurationPlatforms) = postSolution
		{63763A15-B97E-4DDF-9929-8C79ACE94EA3}.Debug|Any CPU.ActiveCfg = Debug|Any CPU
		{63763A15-B97E-4DDF-9929-8C79ACE94EA3}.Debug|Any CPU.Build.0 = Debug|Any CPU
		{63763A15-B97E-4DDF-9929-8C79ACE94EA3}.Release|Any CPU.ActiveCfg = Release|Any CPU
		{63763A15-B97E-4DDF-9929-8C79ACE94EA3}.Release|Any CPU.Build.0 = Release|Any CPU
		{8B25D924-1266-4C2A-8594-60FEFC610BBE}.Debug|Any CPU.ActiveCfg = Debug|Any CPU
		{8B25D924-1266-4C2A-8594-60FEFC610BBE}.Debug|Any CPU.Build.0 = Debug|Any CPU
		{8B25D924-1266-4C2A-8594-60FEFC610BBE}.Release|Any CPU.ActiveCfg = Release|Any CPU
		{8B25D924-1266-4C2A-8594-60FEFC610BBE}.Release|Any CPU.Build.0 = Release|Any CPU
		{49E2EE7A-42A7-4CC4-ADD1-B2771BA8AA8E}.Debug|Any CPU.ActiveCfg = Debug|Any CPU
		{49E2EE7A-42A7-4CC4-ADD1-B2771BA8AA8E}.Debug|Any CPU.Build.0 = Debug|Any CPU
		{49E2EE7A-42A7-4CC4-ADD1-B2771BA8AA8E}.Release|Any CPU.ActiveCfg = Release|Any CPU
		{49E2EE7A-42A7-4CC4-ADD1-B2771BA8AA8E}.Release|Any CPU.Build.0 = Release|Any CPU
		{BB6A4F78-CF91-4B19-B497-6DCEA9A9B240}.Debug|Any CPU.ActiveCfg = Debug|Any CPU
		{BB6A4F78-CF91-4B19-B497-6DCEA9A9B240}.Debug|Any CPU.Build.0 = Debug|Any CPU
		{BB6A4F78-CF91-4B19-B497-6DCEA9A9B240}.Release|Any CPU.ActiveCfg = Release|Any CPU
		{BB6A4F78-CF91-4B19-B497-6DCEA9A9B240}.Release|Any CPU.Build.0 = Release|Any CPU
		{6EC701E0-0203-48AB-A699-0598DD1377D7}.Debug|Any CPU.ActiveCfg = Debug|Any CPU
		{6EC701E0-0203-48AB-A699-0598DD1377D7}.Debug|Any CPU.Build.0 = Debug|Any CPU
		{6EC701E0-0203-48AB-A699-0598DD1377D7}.Release|Any CPU.ActiveCfg = Release|Any CPU
		{6EC701E0-0203-48AB-A699-0598DD1377D7}.Release|Any CPU.Build.0 = Release|Any CPU
		{B91F1745-50A9-4ED2-B387-50BF2D6249F0}.Debug|Any CPU.ActiveCfg = Debug|Any CPU
		{B91F1745-50A9-4ED2-B387-50BF2D6249F0}.Debug|Any CPU.Build.0 = Debug|Any CPU
		{B91F1745-50A9-4ED2-B387-50BF2D6249F0}.Release|Any CPU.ActiveCfg = Release|Any CPU
		{B91F1745-50A9-4ED2-B387-50BF2D6249F0}.Release|Any CPU.Build.0 = Release|Any CPU
		{434F2D62-3D69-40BD-9782-EB2858A7A0F5}.Debug|Any CPU.ActiveCfg = Debug|Any CPU
		{434F2D62-3D69-40BD-9782-EB2858A7A0F5}.Debug|Any CPU.Build.0 = Debug|Any CPU
		{434F2D62-3D69-40BD-9782-EB2858A7A0F5}.Release|Any CPU.ActiveCfg = Release|Any CPU
		{434F2D62-3D69-40BD-9782-EB2858A7A0F5}.Release|Any CPU.Build.0 = Release|Any CPU
		{E0623442-49A2-441D-8E7B-A35880CFA82F}.Debug|Any CPU.ActiveCfg = Debug|Any CPU
		{E0623442-49A2-441D-8E7B-A35880CFA82F}.Debug|Any CPU.Build.0 = Debug|Any CPU
		{E0623442-49A2-441D-8E7B-A35880CFA82F}.Release|Any CPU.ActiveCfg = Release|Any CPU
		{E0623442-49A2-441D-8E7B-A35880CFA82F}.Release|Any CPU.Build.0 = Release|Any CPU
		{C4A41C10-22E0-4E99-9755-42C732938005}.Debug|Any CPU.ActiveCfg = Debug|Any CPU
		{C4A41C10-22E0-4E99-9755-42C732938005}.Debug|Any CPU.Build.0 = Debug|Any CPU
		{C4A41C10-22E0-4E99-9755-42C732938005}.Release|Any CPU.ActiveCfg = Release|Any CPU
		{C4A41C10-22E0-4E99-9755-42C732938005}.Release|Any CPU.Build.0 = Release|Any CPU
		{DAA07178-EE26-4979-9978-8FD34F51F3DD}.Debug|Any CPU.ActiveCfg = Debug|Any CPU
		{DAA07178-EE26-4979-9978-8FD34F51F3DD}.Debug|Any CPU.Build.0 = Debug|Any CPU
		{DAA07178-EE26-4979-9978-8FD34F51F3DD}.Release|Any CPU.ActiveCfg = Release|Any CPU
		{DAA07178-EE26-4979-9978-8FD34F51F3DD}.Release|Any CPU.Build.0 = Release|Any CPU
		{3BCE20FF-C962-41EE-BEF4-D9B44F218065}.Debug|Any CPU.ActiveCfg = Debug|Any CPU
		{3BCE20FF-C962-41EE-BEF4-D9B44F218065}.Debug|Any CPU.Build.0 = Debug|Any CPU
		{3BCE20FF-C962-41EE-BEF4-D9B44F218065}.Release|Any CPU.ActiveCfg = Release|Any CPU
		{3BCE20FF-C962-41EE-BEF4-D9B44F218065}.Release|Any CPU.Build.0 = Release|Any CPU
		{5FA4BCA9-7597-44C7-9450-6E1A561AA1D6}.Debug|Any CPU.ActiveCfg = Debug|Any CPU
		{5FA4BCA9-7597-44C7-9450-6E1A561AA1D6}.Debug|Any CPU.Build.0 = Debug|Any CPU
		{5FA4BCA9-7597-44C7-9450-6E1A561AA1D6}.Release|Any CPU.ActiveCfg = Release|Any CPU
		{5FA4BCA9-7597-44C7-9450-6E1A561AA1D6}.Release|Any CPU.Build.0 = Release|Any CPU
		{0A27FEA0-961F-4068-9343-910F8A7DD445}.Debug|Any CPU.ActiveCfg = Debug|Any CPU
		{0A27FEA0-961F-4068-9343-910F8A7DD445}.Debug|Any CPU.Build.0 = Debug|Any CPU
		{0A27FEA0-961F-4068-9343-910F8A7DD445}.Release|Any CPU.ActiveCfg = Release|Any CPU
		{0A27FEA0-961F-4068-9343-910F8A7DD445}.Release|Any CPU.Build.0 = Release|Any CPU
		{048F09E8-8F8D-489F-8C0B-FF9C2C12BEA4}.Debug|Any CPU.ActiveCfg = Debug|Any CPU
		{048F09E8-8F8D-489F-8C0B-FF9C2C12BEA4}.Debug|Any CPU.Build.0 = Debug|Any CPU
		{048F09E8-8F8D-489F-8C0B-FF9C2C12BEA4}.Release|Any CPU.ActiveCfg = Release|Any CPU
		{048F09E8-8F8D-489F-8C0B-FF9C2C12BEA4}.Release|Any CPU.Build.0 = Release|Any CPU
		{5C09D750-E6B5-46D8-9941-B68DE3E8118E}.Debug|Any CPU.ActiveCfg = Debug|Any CPU
		{5C09D750-E6B5-46D8-9941-B68DE3E8118E}.Debug|Any CPU.Build.0 = Debug|Any CPU
		{5C09D750-E6B5-46D8-9941-B68DE3E8118E}.Release|Any CPU.ActiveCfg = Release|Any CPU
		{5C09D750-E6B5-46D8-9941-B68DE3E8118E}.Release|Any CPU.Build.0 = Release|Any CPU
		{59440349-7FF1-4AD7-9B59-A6F5F26C6FB7}.Debug|Any CPU.ActiveCfg = Debug|Any CPU
		{59440349-7FF1-4AD7-9B59-A6F5F26C6FB7}.Debug|Any CPU.Build.0 = Debug|Any CPU
		{59440349-7FF1-4AD7-9B59-A6F5F26C6FB7}.Release|Any CPU.ActiveCfg = Release|Any CPU
		{59440349-7FF1-4AD7-9B59-A6F5F26C6FB7}.Release|Any CPU.Build.0 = Release|Any CPU
		{748DBB73-CA81-4504-878D-74ED60BDB5A2}.Debug|Any CPU.ActiveCfg = Debug|Any CPU
		{748DBB73-CA81-4504-878D-74ED60BDB5A2}.Debug|Any CPU.Build.0 = Debug|Any CPU
		{748DBB73-CA81-4504-878D-74ED60BDB5A2}.Release|Any CPU.ActiveCfg = Release|Any CPU
		{748DBB73-CA81-4504-878D-74ED60BDB5A2}.Release|Any CPU.Build.0 = Release|Any CPU
		{E02AE5BE-8C56-4C1A-B883-7B4D1A456615}.Debug|Any CPU.ActiveCfg = Debug|Any CPU
		{E02AE5BE-8C56-4C1A-B883-7B4D1A456615}.Debug|Any CPU.Build.0 = Debug|Any CPU
		{E02AE5BE-8C56-4C1A-B883-7B4D1A456615}.Release|Any CPU.ActiveCfg = Release|Any CPU
		{E02AE5BE-8C56-4C1A-B883-7B4D1A456615}.Release|Any CPU.Build.0 = Release|Any CPU
		{FEAA06DB-396B-4AB1-9791-9AA2345F563A}.Debug|Any CPU.ActiveCfg = Debug|Any CPU
		{FEAA06DB-396B-4AB1-9791-9AA2345F563A}.Debug|Any CPU.Build.0 = Debug|Any CPU
		{FEAA06DB-396B-4AB1-9791-9AA2345F563A}.Release|Any CPU.ActiveCfg = Release|Any CPU
		{FEAA06DB-396B-4AB1-9791-9AA2345F563A}.Release|Any CPU.Build.0 = Release|Any CPU
		{FD7679C2-8B3B-4475-9D27-4B9997B72811}.Debug|Any CPU.ActiveCfg = Debug|Any CPU
		{FD7679C2-8B3B-4475-9D27-4B9997B72811}.Debug|Any CPU.Build.0 = Debug|Any CPU
		{FD7679C2-8B3B-4475-9D27-4B9997B72811}.Release|Any CPU.ActiveCfg = Release|Any CPU
		{FD7679C2-8B3B-4475-9D27-4B9997B72811}.Release|Any CPU.Build.0 = Release|Any CPU
		{0CA3C39D-1832-45E5-A866-7AF356AF37A9}.Debug|Any CPU.ActiveCfg = Debug|Any CPU
		{0CA3C39D-1832-45E5-A866-7AF356AF37A9}.Debug|Any CPU.Build.0 = Debug|Any CPU
		{0CA3C39D-1832-45E5-A866-7AF356AF37A9}.Release|Any CPU.ActiveCfg = Release|Any CPU
		{0CA3C39D-1832-45E5-A866-7AF356AF37A9}.Release|Any CPU.Build.0 = Release|Any CPU
		{D207165B-E25A-41F4-8F3B-AF7E9E414A56}.Debug|Any CPU.ActiveCfg = Debug|Any CPU
		{D207165B-E25A-41F4-8F3B-AF7E9E414A56}.Debug|Any CPU.Build.0 = Debug|Any CPU
		{D207165B-E25A-41F4-8F3B-AF7E9E414A56}.Release|Any CPU.ActiveCfg = Release|Any CPU
		{D207165B-E25A-41F4-8F3B-AF7E9E414A56}.Release|Any CPU.Build.0 = Release|Any CPU
		{29628EC9-F2C2-485F-A16E-4D18C9FA9CD8}.Debug|Any CPU.ActiveCfg = Debug|Any CPU
		{29628EC9-F2C2-485F-A16E-4D18C9FA9CD8}.Debug|Any CPU.Build.0 = Debug|Any CPU
		{29628EC9-F2C2-485F-A16E-4D18C9FA9CD8}.Release|Any CPU.ActiveCfg = Release|Any CPU
		{29628EC9-F2C2-485F-A16E-4D18C9FA9CD8}.Release|Any CPU.Build.0 = Release|Any CPU
		{5A84C134-AA0C-4740-BF8E-CAF92578239A}.Debug|Any CPU.ActiveCfg = Debug|Any CPU
		{5A84C134-AA0C-4740-BF8E-CAF92578239A}.Debug|Any CPU.Build.0 = Debug|Any CPU
		{5A84C134-AA0C-4740-BF8E-CAF92578239A}.Release|Any CPU.ActiveCfg = Release|Any CPU
		{5A84C134-AA0C-4740-BF8E-CAF92578239A}.Release|Any CPU.Build.0 = Release|Any CPU
		{3E6D142A-391F-46EF-9F47-6021152A31C1}.Debug|Any CPU.ActiveCfg = Debug|Any CPU
		{3E6D142A-391F-46EF-9F47-6021152A31C1}.Debug|Any CPU.Build.0 = Debug|Any CPU
		{3E6D142A-391F-46EF-9F47-6021152A31C1}.Release|Any CPU.ActiveCfg = Release|Any CPU
		{3E6D142A-391F-46EF-9F47-6021152A31C1}.Release|Any CPU.Build.0 = Release|Any CPU
		{C801FEBD-5C72-4DA2-9338-8E829C7F0CD0}.Debug|Any CPU.ActiveCfg = Debug|Any CPU
		{C801FEBD-5C72-4DA2-9338-8E829C7F0CD0}.Debug|Any CPU.Build.0 = Debug|Any CPU
		{C801FEBD-5C72-4DA2-9338-8E829C7F0CD0}.Release|Any CPU.ActiveCfg = Release|Any CPU
		{C801FEBD-5C72-4DA2-9338-8E829C7F0CD0}.Release|Any CPU.Build.0 = Release|Any CPU
		{02FDF467-D6FB-436E-9421-4F4A2D891562}.Debug|Any CPU.ActiveCfg = Debug|Any CPU
		{02FDF467-D6FB-436E-9421-4F4A2D891562}.Debug|Any CPU.Build.0 = Debug|Any CPU
		{02FDF467-D6FB-436E-9421-4F4A2D891562}.Release|Any CPU.ActiveCfg = Release|Any CPU
		{02FDF467-D6FB-436E-9421-4F4A2D891562}.Release|Any CPU.Build.0 = Release|Any CPU
		{56EE9653-EC64-4D83-9FEB-BF7747E9513B}.Debug|Any CPU.ActiveCfg = Debug|Any CPU
		{56EE9653-EC64-4D83-9FEB-BF7747E9513B}.Debug|Any CPU.Build.0 = Debug|Any CPU
		{56EE9653-EC64-4D83-9FEB-BF7747E9513B}.Release|Any CPU.ActiveCfg = Release|Any CPU
		{56EE9653-EC64-4D83-9FEB-BF7747E9513B}.Release|Any CPU.Build.0 = Release|Any CPU
		{1B877E05-A1F3-465D-9215-6733B2C73400}.Debug|Any CPU.ActiveCfg = Debug|Any CPU
		{1B877E05-A1F3-465D-9215-6733B2C73400}.Debug|Any CPU.Build.0 = Debug|Any CPU
		{1B877E05-A1F3-465D-9215-6733B2C73400}.Release|Any CPU.ActiveCfg = Release|Any CPU
		{1B877E05-A1F3-465D-9215-6733B2C73400}.Release|Any CPU.Build.0 = Release|Any CPU
	EndGlobalSection
	GlobalSection(SolutionProperties) = preSolution
		HideSolutionNode = FALSE
	EndGlobalSection
	GlobalSection(NestedProjects) = preSolution
		{FF95A9D0-F408-4D33-B534-6A1D74788488} = {EEB0BF9B-00F2-47D6-8727-1022B249D873}
		{63763A15-B97E-4DDF-9929-8C79ACE94EA3} = {FF95A9D0-F408-4D33-B534-6A1D74788488}
		{17714B01-B679-4EEC-B7E2-94C452BDA6DF} = {EEB0BF9B-00F2-47D6-8727-1022B249D873}
		{23898870-BF87-4779-AC5D-779357EF28DA} = {17714B01-B679-4EEC-B7E2-94C452BDA6DF}
		{8B25D924-1266-4C2A-8594-60FEFC610BBE} = {23898870-BF87-4779-AC5D-779357EF28DA}
		{49E2EE7A-42A7-4CC4-ADD1-B2771BA8AA8E} = {23898870-BF87-4779-AC5D-779357EF28DA}
		{BB6A4F78-CF91-4B19-B497-6DCEA9A9B240} = {23898870-BF87-4779-AC5D-779357EF28DA}
		{6EC701E0-0203-48AB-A699-0598DD1377D7} = {23898870-BF87-4779-AC5D-779357EF28DA}
		{0B3E38E0-BB7B-48DD-9501-96603FFEC9EE} = {17714B01-B679-4EEC-B7E2-94C452BDA6DF}
		{ABD3C97F-CDD8-4729-805D-3A3322EC9C76} = {17714B01-B679-4EEC-B7E2-94C452BDA6DF}
		{A1EC55AE-B664-4F23-A8D2-C440F193D4FB} = {17714B01-B679-4EEC-B7E2-94C452BDA6DF}
		{0AA537E9-90E9-45A9-81B4-C816F0F64577} = {17714B01-B679-4EEC-B7E2-94C452BDA6DF}
		{1650C8BE-ABE7-46F7-B24E-B0DC40595D94} = {17714B01-B679-4EEC-B7E2-94C452BDA6DF}
		{B91F1745-50A9-4ED2-B387-50BF2D6249F0} = {0B3E38E0-BB7B-48DD-9501-96603FFEC9EE}
		{434F2D62-3D69-40BD-9782-EB2858A7A0F5} = {0B3E38E0-BB7B-48DD-9501-96603FFEC9EE}
		{E0623442-49A2-441D-8E7B-A35880CFA82F} = {0B3E38E0-BB7B-48DD-9501-96603FFEC9EE}
		{C4A41C10-22E0-4E99-9755-42C732938005} = {0B3E38E0-BB7B-48DD-9501-96603FFEC9EE}
		{DAA07178-EE26-4979-9978-8FD34F51F3DD} = {ABD3C97F-CDD8-4729-805D-3A3322EC9C76}
		{3BCE20FF-C962-41EE-BEF4-D9B44F218065} = {ABD3C97F-CDD8-4729-805D-3A3322EC9C76}
		{5FA4BCA9-7597-44C7-9450-6E1A561AA1D6} = {ABD3C97F-CDD8-4729-805D-3A3322EC9C76}
		{0A27FEA0-961F-4068-9343-910F8A7DD445} = {ABD3C97F-CDD8-4729-805D-3A3322EC9C76}
		{048F09E8-8F8D-489F-8C0B-FF9C2C12BEA4} = {1650C8BE-ABE7-46F7-B24E-B0DC40595D94}
		{5C09D750-E6B5-46D8-9941-B68DE3E8118E} = {1650C8BE-ABE7-46F7-B24E-B0DC40595D94}
		{59440349-7FF1-4AD7-9B59-A6F5F26C6FB7} = {1650C8BE-ABE7-46F7-B24E-B0DC40595D94}
		{748DBB73-CA81-4504-878D-74ED60BDB5A2} = {1650C8BE-ABE7-46F7-B24E-B0DC40595D94}
		{E02AE5BE-8C56-4C1A-B883-7B4D1A456615} = {0AA537E9-90E9-45A9-81B4-C816F0F64577}
		{FEAA06DB-396B-4AB1-9791-9AA2345F563A} = {0AA537E9-90E9-45A9-81B4-C816F0F64577}
		{FD7679C2-8B3B-4475-9D27-4B9997B72811} = {0AA537E9-90E9-45A9-81B4-C816F0F64577}
		{0CA3C39D-1832-45E5-A866-7AF356AF37A9} = {0AA537E9-90E9-45A9-81B4-C816F0F64577}
		{D207165B-E25A-41F4-8F3B-AF7E9E414A56} = {A1EC55AE-B664-4F23-A8D2-C440F193D4FB}
		{29628EC9-F2C2-485F-A16E-4D18C9FA9CD8} = {A1EC55AE-B664-4F23-A8D2-C440F193D4FB}
		{5A84C134-AA0C-4740-BF8E-CAF92578239A} = {A1EC55AE-B664-4F23-A8D2-C440F193D4FB}
		{3E6D142A-391F-46EF-9F47-6021152A31C1} = {A1EC55AE-B664-4F23-A8D2-C440F193D4FB}
		{0F60493A-9EC0-47C1-A35D-40C002C71FDD} = {17714B01-B679-4EEC-B7E2-94C452BDA6DF}
		{C801FEBD-5C72-4DA2-9338-8E829C7F0CD0} = {0F60493A-9EC0-47C1-A35D-40C002C71FDD}
		{02FDF467-D6FB-436E-9421-4F4A2D891562} = {0F60493A-9EC0-47C1-A35D-40C002C71FDD}
		{56EE9653-EC64-4D83-9FEB-BF7747E9513B} = {0F60493A-9EC0-47C1-A35D-40C002C71FDD}
		{1B877E05-A1F3-465D-9215-6733B2C73400} = {0F60493A-9EC0-47C1-A35D-40C002C71FDD}
	EndGlobalSection
	GlobalSection(ExtensibilityGlobals) = postSolution
		SolutionGuid = {EEA2D7F2-AB9D-43DF-B36C-B073504D9D24}
	EndGlobalSection
EndGlobal
