
Microsoft Visual Studio Solution File, Format Version 12.00
# Visual Studio Version 16
VisualStudioVersion = 16.0.31829.152
MinimumVisualStudioVersion = 10.0.40219.1
Project("{2150E333-8FDC-42A3-9474-1A3956D46DE8}") = "src", "src", "{EEB0BF9B-00F2-47D6-8727-1022B249D873}"
EndProject
Project("{2150E333-8FDC-42A3-9474-1A3956D46DE8}") = "Server", "Server", "{FF95A9D0-F408-4D33-B534-6A1D74788488}"
EndProject
Project("{9A19103F-16F7-4668-BE54-9A1E7A4F7556}") = "Elsa.Server", "src\Server\Elsa.Server\Elsa.Server.csproj", "{63763A15-B97E-4DDF-9929-8C79ACE94EA3}"
EndProject
Project("{2150E333-8FDC-42A3-9474-1A3956D46DE8}") = "Api", "Api", "{17714B01-B679-4EEC-B7E2-94C452BDA6DF}"
EndProject
Project("{9A19103F-16F7-4668-BE54-9A1E7A4F7556}") = "Sample.Api", "src\Api\Sample.Api\Sample.Api.csproj", "{1D522BDA-27B5-4A82-81A8-61674238DEB7}"
EndProject
Project("{2150E333-8FDC-42A3-9474-1A3956D46DE8}") = "NewProjectApprovalAPI", "NewProjectApprovalAPI", "{23898870-BF87-4779-AC5D-779357EF28DA}"
EndProject
Project("{9A19103F-16F7-4668-BE54-9A1E7A4F7556}") = "NewProjectApproval.Entities", "src\Api\NewProjectApprovalAPI\NewProjectApproval.Entities\NewProjectApproval.Entities.csproj", "{8B25D924-1266-4C2A-8594-60FEFC610BBE}"
EndProject
Project("{9A19103F-16F7-4668-BE54-9A1E7A4F7556}") = "NewProjectApproval.IRepositories", "src\Api\NewProjectApprovalAPI\NewProjectApproval.IRepositories\NewProjectApproval.IRepositories.csproj", "{49E2EE7A-42A7-4CC4-ADD1-B2771BA8AA8E}"
EndProject
Project("{9A19103F-16F7-4668-BE54-9A1E7A4F7556}") = "NewProjectApproval.Repositories", "src\Api\NewProjectApprovalAPI\NewProjectApproval.Repositories\NewProjectApproval.Repositories.csproj", "{BB6A4F78-CF91-4B19-B497-6DCEA9A9B240}"
EndProject
Project("{9A19103F-16F7-4668-BE54-9A1E7A4F7556}") = "NewProjectApprovalAPI", "src\Api\NewProjectApprovalAPI\NewProjectApprovalAPI\NewProjectApprovalAPI.csproj", "{6EC701E0-0203-48AB-A699-0598DD1377D7}"
EndProject
Global
	GlobalSection(SolutionConfigurationPlatforms) = preSolution
		Debug|Any CPU = Debug|Any CPU
		Release|Any CPU = Release|Any CPU
	EndGlobalSection
	GlobalSection(ProjectConfigurationPlatforms) = postSolution
		{63763A15-B97E-4DDF-9929-8C79ACE94EA3}.Debug|Any CPU.ActiveCfg = Debug|Any CPU
		{63763A15-B97E-4DDF-9929-8C79ACE94EA3}.Debug|Any CPU.Build.0 = Debug|Any CPU
		{63763A15-B97E-4DDF-9929-8C79ACE94EA3}.Release|Any CPU.ActiveCfg = Release|Any CPU
		{63763A15-B97E-4DDF-9929-8C79ACE94EA3}.Release|Any CPU.Build.0 = Release|Any CPU
		{1D522BDA-27B5-4A82-81A8-61674238DEB7}.Debug|Any CPU.ActiveCfg = Debug|Any CPU
		{1D522BDA-27B5-4A82-81A8-61674238DEB7}.Debug|Any CPU.Build.0 = Debug|Any CPU
		{1D522BDA-27B5-4A82-81A8-61674238DEB7}.Release|Any CPU.ActiveCfg = Release|Any CPU
		{1D522BDA-27B5-4A82-81A8-61674238DEB7}.Release|Any CPU.Build.0 = Release|Any CPU
		{8B25D924-1266-4C2A-8594-60FEFC610BBE}.Debug|Any CPU.ActiveCfg = Debug|Any CPU
		{8B25D924-1266-4C2A-8594-60FEFC610BBE}.Debug|Any CPU.Build.0 = Debug|Any CPU
		{8B25D924-1266-4C2A-8594-60FEFC610BBE}.Release|Any CPU.ActiveCfg = Release|Any CPU
		{8B25D924-1266-4C2A-8594-60FEFC610BBE}.Release|Any CPU.Build.0 = Release|Any CPU
		{49E2EE7A-42A7-4CC4-ADD1-B2771BA8AA8E}.Debug|Any CPU.ActiveCfg = Debug|Any CPU
		{49E2EE7A-42A7-4CC4-ADD1-B2771BA8AA8E}.Debug|Any CPU.Build.0 = Debug|Any CPU
		{49E2EE7A-42A7-4CC4-ADD1-B2771BA8AA8E}.Release|Any CPU.ActiveCfg = Release|Any CPU
		{49E2EE7A-42A7-4CC4-ADD1-B2771BA8AA8E}.Release|Any CPU.Build.0 = Release|Any CPU
		{BB6A4F78-CF91-4B19-B497-6DCEA9A9B240}.Debug|Any CPU.ActiveCfg = Debug|Any CPU
		{BB6A4F78-CF91-4B19-B497-6DCEA9A9B240}.Debug|Any CPU.Build.0 = Debug|Any CPU
		{BB6A4F78-CF91-4B19-B497-6DCEA9A9B240}.Release|Any CPU.ActiveCfg = Release|Any CPU
		{BB6A4F78-CF91-4B19-B497-6DCEA9A9B240}.Release|Any CPU.Build.0 = Release|Any CPU
		{6EC701E0-0203-48AB-A699-0598DD1377D7}.Debug|Any CPU.ActiveCfg = Debug|Any CPU
		{6EC701E0-0203-48AB-A699-0598DD1377D7}.Debug|Any CPU.Build.0 = Debug|Any CPU
		{6EC701E0-0203-48AB-A699-0598DD1377D7}.Release|Any CPU.ActiveCfg = Release|Any CPU
		{6EC701E0-0203-48AB-A699-0598DD1377D7}.Release|Any CPU.Build.0 = Release|Any CPU
	EndGlobalSection
	GlobalSection(SolutionProperties) = preSolution
		HideSolutionNode = FALSE
	EndGlobalSection
	GlobalSection(NestedProjects) = preSolution
		{FF95A9D0-F408-4D33-B534-6A1D74788488} = {EEB0BF9B-00F2-47D6-8727-1022B249D873}
		{63763A15-B97E-4DDF-9929-8C79ACE94EA3} = {FF95A9D0-F408-4D33-B534-6A1D74788488}
		{17714B01-B679-4EEC-B7E2-94C452BDA6DF} = {EEB0BF9B-00F2-47D6-8727-1022B249D873}
		{1D522BDA-27B5-4A82-81A8-61674238DEB7} = {17714B01-B679-4EEC-B7E2-94C452BDA6DF}
		{23898870-BF87-4779-AC5D-779357EF28DA} = {17714B01-B679-4EEC-B7E2-94C452BDA6DF}
		{8B25D924-1266-4C2A-8594-60FEFC610BBE} = {23898870-BF87-4779-AC5D-779357EF28DA}
		{49E2EE7A-42A7-4CC4-ADD1-B2771BA8AA8E} = {23898870-BF87-4779-AC5D-779357EF28DA}
		{BB6A4F78-CF91-4B19-B497-6DCEA9A9B240} = {23898870-BF87-4779-AC5D-779357EF28DA}
		{6EC701E0-0203-48AB-A699-0598DD1377D7} = {23898870-BF87-4779-AC5D-779357EF28DA}
	EndGlobalSection
	GlobalSection(ExtensibilityGlobals) = postSolution
		SolutionGuid = {EEA2D7F2-AB9D-43DF-B36C-B073504D9D24}
	EndGlobalSection
EndGlobal
